
Microsoft Visual Studio Solution File, Format Version 12.00
# Visual Studio Version 16
VisualStudioVersion = 16.0.30114.105
MinimumVisualStudioVersion = 10.0.40219.1
Project("{9A19103F-16F7-4668-BE54-9A1E7A4F7556}") = "R5T.T0128", "R5T.T0128\R5T.T0128.csproj", "{8953AB53-4F6D-47A9-8CFE-728124939048}"
EndProject
Project("{2150E333-8FDC-42A3-9474-1A3956D46DE8}") = "_Dependencies", "_Dependencies", "{1F8B3710-830F-44D5-B82B-A3D0B00181E2}"
EndProject
Project("{9A19103F-16F7-4668-BE54-9A1E7A4F7556}") = "R5T.T0128.T001", "R5T.T0128.T001\R5T.T0128.T001.csproj", "{29E4C537-7481-4B53-9A13-6318D45F9F4A}"
EndProject
Project("{9A19103F-16F7-4668-BE54-9A1E7A4F7556}") = "R5T.L0019.X001", "..\..\R5T.L0019\source\R5T.L0019.X001\R5T.L0019.X001.csproj", "{32A09F9C-CFFF-4BE4-ADAA-0F3323A2697D}"
EndProject
Project("{9A19103F-16F7-4668-BE54-9A1E7A4F7556}") = "R5T.Magyar", "..\..\R5T.Magyar\source\R5T.Magyar\R5T.Magyar.csproj", "{0500C3C2-07FD-40F5-A251-4439535CAC3D}"
EndProject
Project("{9A19103F-16F7-4668-BE54-9A1E7A4F7556}") = "R5T.L0019", "..\..\R5T.L0019\source\R5T.L0019\R5T.L0019.csproj", "{7C02ACB4-5772-42D1-B9D7-0E7F19DC30D3}"
EndProject
Project("{9A19103F-16F7-4668-BE54-9A1E7A4F7556}") = "R5T.T0128.D001", "R5T.T0128.D001\R5T.T0128.D001.csproj", "{9AB3D610-B597-4887-AA3A-10FF28873BA9}"
EndProject
Project("{9A19103F-16F7-4668-BE54-9A1E7A4F7556}") = "R5T.T0064", "..\..\R5T.T0064\source\R5T.T0064\R5T.T0064.csproj", "{AD675371-D0EE-483E-AE1A-660D6295E91D}"
EndProject
Project("{FAE04EC0-301F-11D3-BF4B-00C04F79EFBC}") = "R5T.T0128.T002", "R5T.T0128.T002\R5T.T0128.T002.csproj", "{C2D0EF09-295D-4C53-A1B9-6269EC064349}"
EndProject
Global
	GlobalSection(SolutionConfigurationPlatforms) = preSolution
		Debug|Any CPU = Debug|Any CPU
		Debug|x64 = Debug|x64
		Debug|x86 = Debug|x86
		Release|Any CPU = Release|Any CPU
		Release|x64 = Release|x64
		Release|x86 = Release|x86
	EndGlobalSection
	GlobalSection(ProjectConfigurationPlatforms) = postSolution
		{8953AB53-4F6D-47A9-8CFE-728124939048}.Debug|Any CPU.ActiveCfg = Debug|Any CPU
		{8953AB53-4F6D-47A9-8CFE-728124939048}.Debug|Any CPU.Build.0 = Debug|Any CPU
		{8953AB53-4F6D-47A9-8CFE-728124939048}.Debug|x64.ActiveCfg = Debug|Any CPU
		{8953AB53-4F6D-47A9-8CFE-728124939048}.Debug|x64.Build.0 = Debug|Any CPU
		{8953AB53-4F6D-47A9-8CFE-728124939048}.Debug|x86.ActiveCfg = Debug|Any CPU
		{8953AB53-4F6D-47A9-8CFE-728124939048}.Debug|x86.Build.0 = Debug|Any CPU
		{8953AB53-4F6D-47A9-8CFE-728124939048}.Release|Any CPU.ActiveCfg = Release|Any CPU
		{8953AB53-4F6D-47A9-8CFE-728124939048}.Release|Any CPU.Build.0 = Release|Any CPU
		{8953AB53-4F6D-47A9-8CFE-728124939048}.Release|x64.ActiveCfg = Release|Any CPU
		{8953AB53-4F6D-47A9-8CFE-728124939048}.Release|x64.Build.0 = Release|Any CPU
		{8953AB53-4F6D-47A9-8CFE-728124939048}.Release|x86.ActiveCfg = Release|Any CPU
		{8953AB53-4F6D-47A9-8CFE-728124939048}.Release|x86.Build.0 = Release|Any CPU
		{29E4C537-7481-4B53-9A13-6318D45F9F4A}.Debug|Any CPU.ActiveCfg = Debug|Any CPU
		{29E4C537-7481-4B53-9A13-6318D45F9F4A}.Debug|Any CPU.Build.0 = Debug|Any CPU
		{29E4C537-7481-4B53-9A13-6318D45F9F4A}.Debug|x64.ActiveCfg = Debug|Any CPU
		{29E4C537-7481-4B53-9A13-6318D45F9F4A}.Debug|x64.Build.0 = Debug|Any CPU
		{29E4C537-7481-4B53-9A13-6318D45F9F4A}.Debug|x86.ActiveCfg = Debug|Any CPU
		{29E4C537-7481-4B53-9A13-6318D45F9F4A}.Debug|x86.Build.0 = Debug|Any CPU
		{29E4C537-7481-4B53-9A13-6318D45F9F4A}.Release|Any CPU.ActiveCfg = Release|Any CPU
		{29E4C537-7481-4B53-9A13-6318D45F9F4A}.Release|Any CPU.Build.0 = Release|Any CPU
		{29E4C537-7481-4B53-9A13-6318D45F9F4A}.Release|x64.ActiveCfg = Release|Any CPU
		{29E4C537-7481-4B53-9A13-6318D45F9F4A}.Release|x64.Build.0 = Release|Any CPU
		{29E4C537-7481-4B53-9A13-6318D45F9F4A}.Release|x86.ActiveCfg = Release|Any CPU
		{29E4C537-7481-4B53-9A13-6318D45F9F4A}.Release|x86.Build.0 = Release|Any CPU
		{32A09F9C-CFFF-4BE4-ADAA-0F3323A2697D}.Debug|Any CPU.ActiveCfg = Debug|Any CPU
		{32A09F9C-CFFF-4BE4-ADAA-0F3323A2697D}.Debug|Any CPU.Build.0 = Debug|Any CPU
		{32A09F9C-CFFF-4BE4-ADAA-0F3323A2697D}.Debug|x64.ActiveCfg = Debug|Any CPU
		{32A09F9C-CFFF-4BE4-ADAA-0F3323A2697D}.Debug|x64.Build.0 = Debug|Any CPU
		{32A09F9C-CFFF-4BE4-ADAA-0F3323A2697D}.Debug|x86.ActiveCfg = Debug|Any CPU
		{32A09F9C-CFFF-4BE4-ADAA-0F3323A2697D}.Debug|x86.Build.0 = Debug|Any CPU
		{32A09F9C-CFFF-4BE4-ADAA-0F3323A2697D}.Release|Any CPU.ActiveCfg = Release|Any CPU
		{32A09F9C-CFFF-4BE4-ADAA-0F3323A2697D}.Release|Any CPU.Build.0 = Release|Any CPU
		{32A09F9C-CFFF-4BE4-ADAA-0F3323A2697D}.Release|x64.ActiveCfg = Release|Any CPU
		{32A09F9C-CFFF-4BE4-ADAA-0F3323A2697D}.Release|x64.Build.0 = Release|Any CPU
		{32A09F9C-CFFF-4BE4-ADAA-0F3323A2697D}.Release|x86.ActiveCfg = Release|Any CPU
		{32A09F9C-CFFF-4BE4-ADAA-0F3323A2697D}.Release|x86.Build.0 = Release|Any CPU
		{0500C3C2-07FD-40F5-A251-4439535CAC3D}.Debug|Any CPU.ActiveCfg = Debug|Any CPU
		{0500C3C2-07FD-40F5-A251-4439535CAC3D}.Debug|Any CPU.Build.0 = Debug|Any CPU
		{0500C3C2-07FD-40F5-A251-4439535CAC3D}.Debug|x64.ActiveCfg = Debug|Any CPU
		{0500C3C2-07FD-40F5-A251-4439535CAC3D}.Debug|x64.Build.0 = Debug|Any CPU
		{0500C3C2-07FD-40F5-A251-4439535CAC3D}.Debug|x86.ActiveCfg = Debug|Any CPU
		{0500C3C2-07FD-40F5-A251-4439535CAC3D}.Debug|x86.Build.0 = Debug|Any CPU
		{0500C3C2-07FD-40F5-A251-4439535CAC3D}.Release|Any CPU.ActiveCfg = Release|Any CPU
		{0500C3C2-07FD-40F5-A251-4439535CAC3D}.Release|Any CPU.Build.0 = Release|Any CPU
		{0500C3C2-07FD-40F5-A251-4439535CAC3D}.Release|x64.ActiveCfg = Release|Any CPU
		{0500C3C2-07FD-40F5-A251-4439535CAC3D}.Release|x64.Build.0 = Release|Any CPU
		{0500C3C2-07FD-40F5-A251-4439535CAC3D}.Release|x86.ActiveCfg = Release|Any CPU
		{0500C3C2-07FD-40F5-A251-4439535CAC3D}.Release|x86.Build.0 = Release|Any CPU
		{7C02ACB4-5772-42D1-B9D7-0E7F19DC30D3}.Debug|Any CPU.ActiveCfg = Debug|Any CPU
		{7C02ACB4-5772-42D1-B9D7-0E7F19DC30D3}.Debug|Any CPU.Build.0 = Debug|Any CPU
		{7C02ACB4-5772-42D1-B9D7-0E7F19DC30D3}.Debug|x64.ActiveCfg = Debug|Any CPU
		{7C02ACB4-5772-42D1-B9D7-0E7F19DC30D3}.Debug|x64.Build.0 = Debug|Any CPU
		{7C02ACB4-5772-42D1-B9D7-0E7F19DC30D3}.Debug|x86.ActiveCfg = Debug|Any CPU
		{7C02ACB4-5772-42D1-B9D7-0E7F19DC30D3}.Debug|x86.Build.0 = Debug|Any CPU
		{7C02ACB4-5772-42D1-B9D7-0E7F19DC30D3}.Release|Any CPU.ActiveCfg = Release|Any CPU
		{7C02ACB4-5772-42D1-B9D7-0E7F19DC30D3}.Release|Any CPU.Build.0 = Release|Any CPU
		{7C02ACB4-5772-42D1-B9D7-0E7F19DC30D3}.Release|x64.ActiveCfg = Release|Any CPU
		{7C02ACB4-5772-42D1-B9D7-0E7F19DC30D3}.Release|x64.Build.0 = Release|Any CPU
		{7C02ACB4-5772-42D1-B9D7-0E7F19DC30D3}.Release|x86.ActiveCfg = Release|Any CPU
		{7C02ACB4-5772-42D1-B9D7-0E7F19DC30D3}.Release|x86.Build.0 = Release|Any CPU
		{9AB3D610-B597-4887-AA3A-10FF28873BA9}.Debug|Any CPU.ActiveCfg = Debug|Any CPU
		{9AB3D610-B597-4887-AA3A-10FF28873BA9}.Debug|Any CPU.Build.0 = Debug|Any CPU
		{9AB3D610-B597-4887-AA3A-10FF28873BA9}.Debug|x64.ActiveCfg = Debug|Any CPU
		{9AB3D610-B597-4887-AA3A-10FF28873BA9}.Debug|x64.Build.0 = Debug|Any CPU
		{9AB3D610-B597-4887-AA3A-10FF28873BA9}.Debug|x86.ActiveCfg = Debug|Any CPU
		{9AB3D610-B597-4887-AA3A-10FF28873BA9}.Debug|x86.Build.0 = Debug|Any CPU
		{9AB3D610-B597-4887-AA3A-10FF28873BA9}.Release|Any CPU.ActiveCfg = Release|Any CPU
		{9AB3D610-B597-4887-AA3A-10FF28873BA9}.Release|Any CPU.Build.0 = Release|Any CPU
		{9AB3D610-B597-4887-AA3A-10FF28873BA9}.Release|x64.ActiveCfg = Release|Any CPU
		{9AB3D610-B597-4887-AA3A-10FF28873BA9}.Release|x64.Build.0 = Release|Any CPU
		{9AB3D610-B597-4887-AA3A-10FF28873BA9}.Release|x86.ActiveCfg = Release|Any CPU
		{9AB3D610-B597-4887-AA3A-10FF28873BA9}.Release|x86.Build.0 = Release|Any CPU
		{AD675371-D0EE-483E-AE1A-660D6295E91D}.Debug|Any CPU.ActiveCfg = Debug|Any CPU
		{AD675371-D0EE-483E-AE1A-660D6295E91D}.Debug|Any CPU.Build.0 = Debug|Any CPU
		{AD675371-D0EE-483E-AE1A-660D6295E91D}.Debug|x64.ActiveCfg = Debug|Any CPU
		{AD675371-D0EE-483E-AE1A-660D6295E91D}.Debug|x64.Build.0 = Debug|Any CPU
		{AD675371-D0EE-483E-AE1A-660D6295E91D}.Debug|x86.ActiveCfg = Debug|Any CPU
		{AD675371-D0EE-483E-AE1A-660D6295E91D}.Debug|x86.Build.0 = Debug|Any CPU
		{AD675371-D0EE-483E-AE1A-660D6295E91D}.Release|Any CPU.ActiveCfg = Release|Any CPU
		{AD675371-D0EE-483E-AE1A-660D6295E91D}.Release|Any CPU.Build.0 = Release|Any CPU
		{AD675371-D0EE-483E-AE1A-660D6295E91D}.Release|x64.ActiveCfg = Release|Any CPU
		{AD675371-D0EE-483E-AE1A-660D6295E91D}.Release|x64.Build.0 = Release|Any CPU
		{AD675371-D0EE-483E-AE1A-660D6295E91D}.Release|x86.ActiveCfg = Release|Any CPU
		{AD675371-D0EE-483E-AE1A-660D6295E91D}.Release|x86.Build.0 = Release|Any CPU
		{C2D0EF09-295D-4C53-A1B9-6269EC064349}.Debug|Any CPU.ActiveCfg = Debug|Any CPU
		{C2D0EF09-295D-4C53-A1B9-6269EC064349}.Debug|Any CPU.Build.0 = Debug|Any CPU
		{C2D0EF09-295D-4C53-A1B9-6269EC064349}.Debug|x64.ActiveCfg = Debug|Any CPU
		{C2D0EF09-295D-4C53-A1B9-6269EC064349}.Debug|x64.Build.0 = Debug|Any CPU
		{C2D0EF09-295D-4C53-A1B9-6269EC064349}.Debug|x86.ActiveCfg = Debug|Any CPU
		{C2D0EF09-295D-4C53-A1B9-6269EC064349}.Debug|x86.Build.0 = Debug|Any CPU
		{C2D0EF09-295D-4C53-A1B9-6269EC064349}.Release|Any CPU.ActiveCfg = Release|Any CPU
		{C2D0EF09-295D-4C53-A1B9-6269EC064349}.Release|Any CPU.Build.0 = Release|Any CPU
		{C2D0EF09-295D-4C53-A1B9-6269EC064349}.Release|x64.ActiveCfg = Release|Any CPU
		{C2D0EF09-295D-4C53-A1B9-6269EC064349}.Release|x64.Build.0 = Release|Any CPU
		{C2D0EF09-295D-4C53-A1B9-6269EC064349}.Release|x86.ActiveCfg = Release|Any CPU
		{C2D0EF09-295D-4C53-A1B9-6269EC064349}.Release|x86.Build.0 = Release|Any CPU
	EndGlobalSection
	GlobalSection(SolutionProperties) = preSolution
		HideSolutionNode = FALSE
	EndGlobalSection
	GlobalSection(NestedProjects) = preSolution
		{32A09F9C-CFFF-4BE4-ADAA-0F3323A2697D} = {1F8B3710-830F-44D5-B82B-A3D0B00181E2}
		{0500C3C2-07FD-40F5-A251-4439535CAC3D} = {1F8B3710-830F-44D5-B82B-A3D0B00181E2}
		{7C02ACB4-5772-42D1-B9D7-0E7F19DC30D3} = {1F8B3710-830F-44D5-B82B-A3D0B00181E2}
		{AD675371-D0EE-483E-AE1A-660D6295E91D} = {1F8B3710-830F-44D5-B82B-A3D0B00181E2}
	EndGlobalSection
	GlobalSection(ExtensibilityGlobals) = postSolution
		SolutionGuid = {E3F0F75A-F328-4AFC-9E36-51A99B9D6290}
	EndGlobalSection
EndGlobal
